
Microsoft Visual Studio Solution File, Format Version 12.00
# Visual Studio Version 17
VisualStudioVersion = 17.5.002.0
MinimumVisualStudioVersion = 10.0.40219.1
Project("{9A19103F-16F7-4668-BE54-9A1E7A4F7556}") = "RelewiseTasks", "RelewiseTasks.csproj", "{28737E3F-8C72-4A3A-985E-F6A7756957B0}"
EndProject
Global
	GlobalSection(SolutionConfigurationPlatforms) = preSolution
		Debug|Any CPU = Debug|Any CPU
		Release|Any CPU = Release|Any CPU
	EndGlobalSection
	GlobalSection(ProjectConfigurationPlatforms) = postSolution
		{28737E3F-8C72-4A3A-985E-F6A7756957B0}.Debug|Any CPU.ActiveCfg = Debug|Any CPU
		{28737E3F-8C72-4A3A-985E-F6A7756957B0}.Debug|Any CPU.Build.0 = Debug|Any CPU
		{28737E3F-8C72-4A3A-985E-F6A7756957B0}.Release|Any CPU.ActiveCfg = Release|Any CPU
		{28737E3F-8C72-4A3A-985E-F6A7756957B0}.Release|Any CPU.Build.0 = Release|Any CPU
	EndGlobalSection
	GlobalSection(SolutionProperties) = preSolution
		HideSolutionNode = FALSE
	EndGlobalSection
	GlobalSection(ExtensibilityGlobals) = postSolution
		SolutionGuid = {FB0AF4F6-E266-4038-8C27-176C785B0178}
	EndGlobalSection
EndGlobal
